
Microsoft Visual Studio Solution File, Format Version 12.00
# Visual Studio 15
VisualStudioVersion = 15.0.26730.15
MinimumVisualStudioVersion = 10.0.40219.1
Project("{FAE04EC0-301F-11D3-BF4B-00C04F79EFBC}") = "UdemyXamarin.Android", "UdemyXamarin\UdemyXamarin.Android\UdemyXamarin.Android.csproj", "{36E780BA-7CB4-406D-A9BD-1468F2DF1226}"
EndProject
Project("{FAE04EC0-301F-11D3-BF4B-00C04F79EFBC}") = "UdemyXamarin", "UdemyXamarin\UdemyXamarin\UdemyXamarin.csproj", "{48A7070C-17E6-43BD-B5A5-9939BABEE7A2}"
EndProject
Project("{FAE04EC0-301F-11D3-BF4B-00C04F79EFBC}") = "UdemyXamarin.iOS", "UdemyXamarin\UdemyXamarin.iOS\UdemyXamarin.iOS.csproj", "{59841B0F-4FE6-40EE-AEFE-3EEBDD880024}"
EndProject
Global
	GlobalSection(SolutionConfigurationPlatforms) = preSolution
		Ad-Hoc|Any CPU = Ad-Hoc|Any CPU
		Ad-Hoc|iPhone = Ad-Hoc|iPhone
		Ad-Hoc|iPhoneSimulator = Ad-Hoc|iPhoneSimulator
		AppStore|Any CPU = AppStore|Any CPU
		AppStore|iPhone = AppStore|iPhone
		AppStore|iPhoneSimulator = AppStore|iPhoneSimulator
		Debug|Any CPU = Debug|Any CPU
		Debug|iPhone = Debug|iPhone
		Debug|iPhoneSimulator = Debug|iPhoneSimulator
		Release|Any CPU = Release|Any CPU
		Release|iPhone = Release|iPhone
		Release|iPhoneSimulator = Release|iPhoneSimulator
	EndGlobalSection
	GlobalSection(ProjectConfigurationPlatforms) = postSolution
		{36E780BA-7CB4-406D-A9BD-1468F2DF1226}.Ad-Hoc|Any CPU.ActiveCfg = Release|Any CPU
		{36E780BA-7CB4-406D-A9BD-1468F2DF1226}.Ad-Hoc|Any CPU.Build.0 = Release|Any CPU
		{36E780BA-7CB4-406D-A9BD-1468F2DF1226}.Ad-Hoc|Any CPU.Deploy.0 = Release|Any CPU
		{36E780BA-7CB4-406D-A9BD-1468F2DF1226}.Ad-Hoc|iPhone.ActiveCfg = Release|Any CPU
		{36E780BA-7CB4-406D-A9BD-1468F2DF1226}.Ad-Hoc|iPhone.Build.0 = Release|Any CPU
		{36E780BA-7CB4-406D-A9BD-1468F2DF1226}.Ad-Hoc|iPhone.Deploy.0 = Release|Any CPU
		{36E780BA-7CB4-406D-A9BD-1468F2DF1226}.Ad-Hoc|iPhoneSimulator.ActiveCfg = Release|Any CPU
		{36E780BA-7CB4-406D-A9BD-1468F2DF1226}.Ad-Hoc|iPhoneSimulator.Build.0 = Release|Any CPU
		{36E780BA-7CB4-406D-A9BD-1468F2DF1226}.Ad-Hoc|iPhoneSimulator.Deploy.0 = Release|Any CPU
		{36E780BA-7CB4-406D-A9BD-1468F2DF1226}.AppStore|Any CPU.ActiveCfg = Release|Any CPU
		{36E780BA-7CB4-406D-A9BD-1468F2DF1226}.AppStore|Any CPU.Build.0 = Release|Any CPU
		{36E780BA-7CB4-406D-A9BD-1468F2DF1226}.AppStore|Any CPU.Deploy.0 = Release|Any CPU
		{36E780BA-7CB4-406D-A9BD-1468F2DF1226}.AppStore|iPhone.ActiveCfg = Release|Any CPU
		{36E780BA-7CB4-406D-A9BD-1468F2DF1226}.AppStore|iPhone.Build.0 = Release|Any CPU
		{36E780BA-7CB4-406D-A9BD-1468F2DF1226}.AppStore|iPhone.Deploy.0 = Release|Any CPU
		{36E780BA-7CB4-406D-A9BD-1468F2DF1226}.AppStore|iPhoneSimulator.ActiveCfg = Release|Any CPU
		{36E780BA-7CB4-406D-A9BD-1468F2DF1226}.AppStore|iPhoneSimulator.Build.0 = Release|Any CPU
		{36E780BA-7CB4-406D-A9BD-1468F2DF1226}.AppStore|iPhoneSimulator.Deploy.0 = Release|Any CPU
		{36E780BA-7CB4-406D-A9BD-1468F2DF1226}.Debug|Any CPU.ActiveCfg = Debug|Any CPU
		{36E780BA-7CB4-406D-A9BD-1468F2DF1226}.Debug|Any CPU.Build.0 = Debug|Any CPU
		{36E780BA-7CB4-406D-A9BD-1468F2DF1226}.Debug|Any CPU.Deploy.0 = Debug|Any CPU
		{36E780BA-7CB4-406D-A9BD-1468F2DF1226}.Debug|iPhone.ActiveCfg = Debug|Any CPU
		{36E780BA-7CB4-406D-A9BD-1468F2DF1226}.Debug|iPhone.Build.0 = Debug|Any CPU
		{36E780BA-7CB4-406D-A9BD-1468F2DF1226}.Debug|iPhone.Deploy.0 = Debug|Any CPU
		{36E780BA-7CB4-406D-A9BD-1468F2DF1226}.Debug|iPhoneSimulator.ActiveCfg = Debug|Any CPU
		{36E780BA-7CB4-406D-A9BD-1468F2DF1226}.Debug|iPhoneSimulator.Build.0 = Debug|Any CPU
		{36E780BA-7CB4-406D-A9BD-1468F2DF1226}.Debug|iPhoneSimulator.Deploy.0 = Debug|Any CPU
		{36E780BA-7CB4-406D-A9BD-1468F2DF1226}.Release|Any CPU.ActiveCfg = Release|Any CPU
		{36E780BA-7CB4-406D-A9BD-1468F2DF1226}.Release|Any CPU.Build.0 = Release|Any CPU
		{36E780BA-7CB4-406D-A9BD-1468F2DF1226}.Release|Any CPU.Deploy.0 = Release|Any CPU
		{36E780BA-7CB4-406D-A9BD-1468F2DF1226}.Release|iPhone.ActiveCfg = Release|Any CPU
		{36E780BA-7CB4-406D-A9BD-1468F2DF1226}.Release|iPhone.Build.0 = Release|Any CPU
		{36E780BA-7CB4-406D-A9BD-1468F2DF1226}.Release|iPhone.Deploy.0 = Release|Any CPU
		{36E780BA-7CB4-406D-A9BD-1468F2DF1226}.Release|iPhoneSimulator.ActiveCfg = Release|Any CPU
		{36E780BA-7CB4-406D-A9BD-1468F2DF1226}.Release|iPhoneSimulator.Build.0 = Release|Any CPU
		{36E780BA-7CB4-406D-A9BD-1468F2DF1226}.Release|iPhoneSimulator.Deploy.0 = Release|Any CPU
		{48A7070C-17E6-43BD-B5A5-9939BABEE7A2}.Ad-Hoc|Any CPU.ActiveCfg = Release|Any CPU
		{48A7070C-17E6-43BD-B5A5-9939BABEE7A2}.Ad-Hoc|Any CPU.Build.0 = Release|Any CPU
		{48A7070C-17E6-43BD-B5A5-9939BABEE7A2}.Ad-Hoc|iPhone.ActiveCfg = Release|Any CPU
		{48A7070C-17E6-43BD-B5A5-9939BABEE7A2}.Ad-Hoc|iPhone.Build.0 = Release|Any CPU
		{48A7070C-17E6-43BD-B5A5-9939BABEE7A2}.Ad-Hoc|iPhoneSimulator.ActiveCfg = Release|Any CPU
		{48A7070C-17E6-43BD-B5A5-9939BABEE7A2}.Ad-Hoc|iPhoneSimulator.Build.0 = Release|Any CPU
		{48A7070C-17E6-43BD-B5A5-9939BABEE7A2}.AppStore|Any CPU.ActiveCfg = Release|Any CPU
		{48A7070C-17E6-43BD-B5A5-9939BABEE7A2}.AppStore|Any CPU.Build.0 = Release|Any CPU
		{48A7070C-17E6-43BD-B5A5-9939BABEE7A2}.AppStore|iPhone.ActiveCfg = Release|Any CPU
		{48A7070C-17E6-43BD-B5A5-9939BABEE7A2}.AppStore|iPhone.Build.0 = Release|Any CPU
		{48A7070C-17E6-43BD-B5A5-9939BABEE7A2}.AppStore|iPhoneSimulator.ActiveCfg = Release|Any CPU
		{48A7070C-17E6-43BD-B5A5-9939BABEE7A2}.AppStore|iPhoneSimulator.Build.0 = Release|Any CPU
		{48A7070C-17E6-43BD-B5A5-9939BABEE7A2}.Debug|Any CPU.ActiveCfg = Debug|Any CPU
		{48A7070C-17E6-43BD-B5A5-9939BABEE7A2}.Debug|Any CPU.Build.0 = Debug|Any CPU
		{48A7070C-17E6-43BD-B5A5-9939BABEE7A2}.Debug|iPhone.ActiveCfg = Debug|Any CPU
		{48A7070C-17E6-43BD-B5A5-9939BABEE7A2}.Debug|iPhone.Build.0 = Debug|Any CPU
		{48A7070C-17E6-43BD-B5A5-9939BABEE7A2}.Debug|iPhoneSimulator.ActiveCfg = Debug|Any CPU
		{48A7070C-17E6-43BD-B5A5-9939BABEE7A2}.Debug|iPhoneSimulator.Build.0 = Debug|Any CPU
		{48A7070C-17E6-43BD-B5A5-9939BABEE7A2}.Release|Any CPU.ActiveCfg = Release|Any CPU
		{48A7070C-17E6-43BD-B5A5-9939BABEE7A2}.Release|Any CPU.Build.0 = Release|Any CPU
		{48A7070C-17E6-43BD-B5A5-9939BABEE7A2}.Release|iPhone.ActiveCfg = Release|Any CPU
		{48A7070C-17E6-43BD-B5A5-9939BABEE7A2}.Release|iPhone.Build.0 = Release|Any CPU
		{48A7070C-17E6-43BD-B5A5-9939BABEE7A2}.Release|iPhoneSimulator.ActiveCfg = Release|Any CPU
		{48A7070C-17E6-43BD-B5A5-9939BABEE7A2}.Release|iPhoneSimulator.Build.0 = Release|Any CPU
		{59841B0F-4FE6-40EE-AEFE-3EEBDD880024}.Ad-Hoc|Any CPU.ActiveCfg = Ad-Hoc|iPhone
		{59841B0F-4FE6-40EE-AEFE-3EEBDD880024}.Ad-Hoc|iPhone.ActiveCfg = Ad-Hoc|iPhone
		{59841B0F-4FE6-40EE-AEFE-3EEBDD880024}.Ad-Hoc|iPhone.Build.0 = Ad-Hoc|iPhone
		{59841B0F-4FE6-40EE-AEFE-3EEBDD880024}.Ad-Hoc|iPhoneSimulator.ActiveCfg = Ad-Hoc|iPhoneSimulator
		{59841B0F-4FE6-40EE-AEFE-3EEBDD880024}.Ad-Hoc|iPhoneSimulator.Build.0 = Ad-Hoc|iPhoneSimulator
		{59841B0F-4FE6-40EE-AEFE-3EEBDD880024}.AppStore|Any CPU.ActiveCfg = AppStore|iPhone
		{59841B0F-4FE6-40EE-AEFE-3EEBDD880024}.AppStore|iPhone.ActiveCfg = AppStore|iPhone
		{59841B0F-4FE6-40EE-AEFE-3EEBDD880024}.AppStore|iPhone.Build.0 = AppStore|iPhone
		{59841B0F-4FE6-40EE-AEFE-3EEBDD880024}.AppStore|iPhoneSimulator.ActiveCfg = AppStore|iPhoneSimulator
		{59841B0F-4FE6-40EE-AEFE-3EEBDD880024}.AppStore|iPhoneSimulator.Build.0 = AppStore|iPhoneSimulator
		{59841B0F-4FE6-40EE-AEFE-3EEBDD880024}.Debug|Any CPU.ActiveCfg = Debug|iPhone
		{59841B0F-4FE6-40EE-AEFE-3EEBDD880024}.Debug|iPhone.ActiveCfg = Debug|iPhone
		{59841B0F-4FE6-40EE-AEFE-3EEBDD880024}.Debug|iPhone.Build.0 = Debug|iPhone
		{59841B0F-4FE6-40EE-AEFE-3EEBDD880024}.Debug|iPhoneSimulator.ActiveCfg = Debug|iPhoneSimulator
		{59841B0F-4FE6-40EE-AEFE-3EEBDD880024}.Debug|iPhoneSimulator.Build.0 = Debug|iPhoneSimulator
		{59841B0F-4FE6-40EE-AEFE-3EEBDD880024}.Release|Any CPU.ActiveCfg = Release|iPhone
		{59841B0F-4FE6-40EE-AEFE-3EEBDD880024}.Release|iPhone.ActiveCfg = Release|iPhone
		{59841B0F-4FE6-40EE-AEFE-3EEBDD880024}.Release|iPhone.Build.0 = Release|iPhone
		{59841B0F-4FE6-40EE-AEFE-3EEBDD880024}.Release|iPhoneSimulator.ActiveCfg = Release|iPhoneSimulator
		{59841B0F-4FE6-40EE-AEFE-3EEBDD880024}.Release|iPhoneSimulator.Build.0 = Release|iPhoneSimulator
	EndGlobalSection
	GlobalSection(SolutionProperties) = preSolution
		HideSolutionNode = FALSE
	EndGlobalSection
	GlobalSection(ExtensibilityGlobals) = postSolution
		SolutionGuid = {2C68E39B-C83D-470F-B7E9-BCD38A0B1289}
	EndGlobalSection
EndGlobal
